{
  "name": "kavalo",
  "lockfileVersion": 3,
  "requires": true,
  "packages": {
    "": {
      "name": "kavalo",
      "workspaces": [
        "packages/*",
        "apps/*"
      ],
      "engines": {
        "node": ">=20"
      }
    },
    "apps/web-prototype": {
      "name": "@kavalo/web-prototype",
      "version": "0.1.0",
      "dependencies": {
        "@kavalo/bots": "*",
        "@kavalo/chess-core": "*",
        "@kavalo/coach": "*",
        "@kavalo/content": "*",
        "@kavalo/dna": "*",
        "@kavalo/engine": "*",
        "@kavalo/pedagogy": "*",
        "@kavalo/tactics": "*",
        "@kavalo/training": "*"
      }
    },
    "node_modules/@kavalo/bots": {
      "resolved": "packages/bots",
      "link": true
    },
    "node_modules/@kavalo/chess-core": {
      "resolved": "packages/chess-core",
      "link": true
    },
    "node_modules/@kavalo/coach": {
      "resolved": "packages/coach",
      "link": true
    },
    "node_modules/@kavalo/content": {
      "resolved": "packages/content",
      "link": true
    },
    "node_modules/@kavalo/dna": {
      "resolved": "packages/dna",
      "link": true
    },
    "node_modules/@kavalo/engine": {
      "resolved": "packages/engine",
      "link": true
    },
    "node_modules/@kavalo/pedagogy": {
      "resolved": "packages/pedagogy",
      "link": true
    },
    "node_modules/@kavalo/tactics": {
      "resolved": "packages/tactics",
      "link": true
    },
    "node_modules/@kavalo/training": {
      "resolved": "packages/training",
      "link": true
    },
    "node_modules/@kavalo/web-prototype": {
      "resolved": "apps/web-prototype",
      "link": true
    },
    "packages/bots": {
      "name": "@kavalo/bots",
      "version": "0.1.0",
      "dependencies": {
        "@kavalo/chess-core": "*",
        "@kavalo/tactics": "*"
      }
    },
    "packages/chess-core": {
      "name": "@kavalo/chess-core",
      "version": "0.1.0"
    },
    "packages/coach": {
      "name": "@kavalo/coach",
      "version": "0.1.0",
      "dependencies": {
        "@kavalo/content": "*",
        "@kavalo/dna": "*",
        "@kavalo/pedagogy": "*"
      }
    },
    "packages/content": {
      "name": "@kavalo/content",
      "version": "0.1.0",
      "dependencies": {
        "@kavalo/chess-core": "*"
      }
    },
    "packages/dna": {
      "name": "@kavalo/dna",
      "version": "0.1.0",
      "dependencies": {
        "@kavalo/chess-core": "*",
        "@kavalo/content": "*",
        "@kavalo/engine": "*",
        "@kavalo/tactics": "*"
      }
    },
    "packages/engine": {
      "name": "@kavalo/engine",
      "version": "0.1.0"
    },
    "packages/pedagogy": {
      "name": "@kavalo/pedagogy",
      "version": "0.1.0"
    },
    "packages/tactics": {
      "name": "@kavalo/tactics",
      "version": "0.1.0",
      "dependencies": {
        "@kavalo/chess-core": "*",
        "@kavalo/content": "*",
        "@kavalo/engine": "*"
      }
    },
    "packages/training": {
      "name": "@kavalo/training",
      "version": "0.1.0",
      "dependencies": {
        "@kavalo/chess-core": "*",
        "@kavalo/content": "*"
      }
    }
  }
}
